{
    "requires": true,
    "lockfileVersion": 1,
    "dependencies": {
        "bootstrap": {
            "version": "4.1.3",
            "resolved": "http://registry.npm.taobao.org/bootstrap/download/bootstrap-4.1.3.tgz",
            "integrity": "sha1-DrNxryyESOjCEEEdDLgkpkCaEr4=",
            "dev": true
        },
        "jquery": {
            "version": "3.3.1",
            "resolved": "http://registry.npm.taobao.org/jquery/download/jquery-3.3.1.tgz",
            "integrity": "sha1-lYzinoHJeQ8xvneS311NlfxX+8o=",
            "dev": true
        },
        "popper.js": {
            "version": "1.14.6",
            "resolved": "http://registry.npm.taobao.org/popper.js/download/popper.js-1.14.6.tgz",
            "integrity": "sha1-qyDdTt+SiLiztlMcR8NhEHtgtLA=",
            "dev": true
        }
    }
}
